
Microsoft Visual Studio Solution File, Format Version 12.00
# Visual Studio 2013
VisualStudioVersion = 12.0.31101.0
MinimumVisualStudioVersion = 10.0.40219.1
Project("{FAE04EC0-301F-11D3-BF4B-00C04F79EFBC}") = "GPSPush", "GPSPush\GPSPush.csproj", "{4A83437B-8312-4D8C-9014-655CA2E11904}"
EndProject
Project("{FAE04EC0-301F-11D3-BF4B-00C04F79EFBC}") = "GPSPush.iOS", "iOS\GPSPush.iOS.csproj", "{E745E493-7053-420F-BDCC-168CD329EC4A}"
EndProject
Project("{FAE04EC0-301F-11D3-BF4B-00C04F79EFBC}") = "GPSPush.Droid", "Droid\GPSPush.Droid.csproj", "{7AE3B3AB-F94A-4533-A8D1-44096A8C1942}"
EndProject
Project("{FAE04EC0-301F-11D3-BF4B-00C04F79EFBC}") = "GPSPush.WinPhone", "GPSPush.WinPhone\GPSPush.WinPhone.csproj", "{A211C7BE-87AA-423D-B94B-C9FA9CC046B1}"
EndProject
Global
	GlobalSection(SolutionConfigurationPlatforms) = preSolution
		Ad-Hoc|Any CPU = Ad-Hoc|Any CPU
		Ad-Hoc|ARM = Ad-Hoc|ARM
		Ad-Hoc|iPhone = Ad-Hoc|iPhone
		Ad-Hoc|iPhoneSimulator = Ad-Hoc|iPhoneSimulator
		Ad-Hoc|Mixed Platforms = Ad-Hoc|Mixed Platforms
		Ad-Hoc|x86 = Ad-Hoc|x86
		AppStore|Any CPU = AppStore|Any CPU
		AppStore|ARM = AppStore|ARM
		AppStore|iPhone = AppStore|iPhone
		AppStore|iPhoneSimulator = AppStore|iPhoneSimulator
		AppStore|Mixed Platforms = AppStore|Mixed Platforms
		AppStore|x86 = AppStore|x86
		Debug|Any CPU = Debug|Any CPU
		Debug|ARM = Debug|ARM
		Debug|iPhone = Debug|iPhone
		Debug|iPhoneSimulator = Debug|iPhoneSimulator
		Debug|Mixed Platforms = Debug|Mixed Platforms
		Debug|x86 = Debug|x86
		Release|Any CPU = Release|Any CPU
		Release|ARM = Release|ARM
		Release|iPhone = Release|iPhone
		Release|iPhoneSimulator = Release|iPhoneSimulator
		Release|Mixed Platforms = Release|Mixed Platforms
		Release|x86 = Release|x86
	EndGlobalSection
	GlobalSection(ProjectConfigurationPlatforms) = postSolution
		{4A83437B-8312-4D8C-9014-655CA2E11904}.Ad-Hoc|Any CPU.ActiveCfg = Release|Any CPU
		{4A83437B-8312-4D8C-9014-655CA2E11904}.Ad-Hoc|Any CPU.Build.0 = Release|Any CPU
		{4A83437B-8312-4D8C-9014-655CA2E11904}.Ad-Hoc|ARM.ActiveCfg = Release|Any CPU
		{4A83437B-8312-4D8C-9014-655CA2E11904}.Ad-Hoc|iPhone.ActiveCfg = Debug|Any CPU
		{4A83437B-8312-4D8C-9014-655CA2E11904}.Ad-Hoc|iPhone.Build.0 = Debug|Any CPU
		{4A83437B-8312-4D8C-9014-655CA2E11904}.Ad-Hoc|iPhoneSimulator.ActiveCfg = Release|Any CPU
		{4A83437B-8312-4D8C-9014-655CA2E11904}.Ad-Hoc|Mixed Platforms.ActiveCfg = Release|Any CPU
		{4A83437B-8312-4D8C-9014-655CA2E11904}.Ad-Hoc|Mixed Platforms.Build.0 = Release|Any CPU
		{4A83437B-8312-4D8C-9014-655CA2E11904}.Ad-Hoc|x86.ActiveCfg = Release|Any CPU
		{4A83437B-8312-4D8C-9014-655CA2E11904}.AppStore|Any CPU.ActiveCfg = Release|Any CPU
		{4A83437B-8312-4D8C-9014-655CA2E11904}.AppStore|Any CPU.Build.0 = Release|Any CPU
		{4A83437B-8312-4D8C-9014-655CA2E11904}.AppStore|ARM.ActiveCfg = Release|Any CPU
		{4A83437B-8312-4D8C-9014-655CA2E11904}.AppStore|iPhone.ActiveCfg = Debug|Any CPU
		{4A83437B-8312-4D8C-9014-655CA2E11904}.AppStore|iPhone.Build.0 = Debug|Any CPU
		{4A83437B-8312-4D8C-9014-655CA2E11904}.AppStore|iPhoneSimulator.ActiveCfg = Release|Any CPU
		{4A83437B-8312-4D8C-9014-655CA2E11904}.AppStore|Mixed Platforms.ActiveCfg = Release|Any CPU
		{4A83437B-8312-4D8C-9014-655CA2E11904}.AppStore|Mixed Platforms.Build.0 = Release|Any CPU
		{4A83437B-8312-4D8C-9014-655CA2E11904}.AppStore|x86.ActiveCfg = Release|Any CPU
		{4A83437B-8312-4D8C-9014-655CA2E11904}.Debug|Any CPU.ActiveCfg = Debug|Any CPU
		{4A83437B-8312-4D8C-9014-655CA2E11904}.Debug|Any CPU.Build.0 = Debug|Any CPU
		{4A83437B-8312-4D8C-9014-655CA2E11904}.Debug|ARM.ActiveCfg = Debug|Any CPU
		{4A83437B-8312-4D8C-9014-655CA2E11904}.Debug|iPhone.ActiveCfg = Debug|Any CPU
		{4A83437B-8312-4D8C-9014-655CA2E11904}.Debug|iPhone.Build.0 = Debug|Any CPU
		{4A83437B-8312-4D8C-9014-655CA2E11904}.Debug|iPhoneSimulator.ActiveCfg = Debug|Any CPU
		{4A83437B-8312-4D8C-9014-655CA2E11904}.Debug|iPhoneSimulator.Build.0 = Debug|Any CPU
		{4A83437B-8312-4D8C-9014-655CA2E11904}.Debug|Mixed Platforms.ActiveCfg = Debug|Any CPU
		{4A83437B-8312-4D8C-9014-655CA2E11904}.Debug|Mixed Platforms.Build.0 = Debug|Any CPU
		{4A83437B-8312-4D8C-9014-655CA2E11904}.Debug|x86.ActiveCfg = Debug|Any CPU
		{4A83437B-8312-4D8C-9014-655CA2E11904}.Release|Any CPU.ActiveCfg = Release|Any CPU
		{4A83437B-8312-4D8C-9014-655CA2E11904}.Release|Any CPU.Build.0 = Release|Any CPU
		{4A83437B-8312-4D8C-9014-655CA2E11904}.Release|ARM.ActiveCfg = Release|Any CPU
		{4A83437B-8312-4D8C-9014-655CA2E11904}.Release|iPhone.ActiveCfg = Release|Any CPU
		{4A83437B-8312-4D8C-9014-655CA2E11904}.Release|iPhone.Build.0 = Release|Any CPU
		{4A83437B-8312-4D8C-9014-655CA2E11904}.Release|iPhoneSimulator.ActiveCfg = Release|Any CPU
		{4A83437B-8312-4D8C-9014-655CA2E11904}.Release|iPhoneSimulator.Build.0 = Release|Any CPU
		{4A83437B-8312-4D8C-9014-655CA2E11904}.Release|Mixed Platforms.ActiveCfg = Release|Any CPU
		{4A83437B-8312-4D8C-9014-655CA2E11904}.Release|Mixed Platforms.Build.0 = Release|Any CPU
		{4A83437B-8312-4D8C-9014-655CA2E11904}.Release|x86.ActiveCfg = Release|Any CPU
		{E745E493-7053-420F-BDCC-168CD329EC4A}.Ad-Hoc|Any CPU.ActiveCfg = Ad-Hoc|iPhoneSimulator
		{E745E493-7053-420F-BDCC-168CD329EC4A}.Ad-Hoc|ARM.ActiveCfg = Ad-Hoc|iPhoneSimulator
		{E745E493-7053-420F-BDCC-168CD329EC4A}.Ad-Hoc|iPhone.ActiveCfg = Ad-Hoc|iPhone
		{E745E493-7053-420F-BDCC-168CD329EC4A}.Ad-Hoc|iPhone.Build.0 = Ad-Hoc|iPhone
		{E745E493-7053-420F-BDCC-168CD329EC4A}.Ad-Hoc|iPhoneSimulator.ActiveCfg = Ad-Hoc|iPhoneSimulator
		{E745E493-7053-420F-BDCC-168CD329EC4A}.Ad-Hoc|iPhoneSimulator.Build.0 = Ad-Hoc|iPhoneSimulator
		{E745E493-7053-420F-BDCC-168CD329EC4A}.Ad-Hoc|Mixed Platforms.ActiveCfg = Ad-Hoc|iPhoneSimulator
		{E745E493-7053-420F-BDCC-168CD329EC4A}.Ad-Hoc|Mixed Platforms.Build.0 = Ad-Hoc|iPhoneSimulator
		{E745E493-7053-420F-BDCC-168CD329EC4A}.Ad-Hoc|x86.ActiveCfg = Ad-Hoc|iPhoneSimulator
		{E745E493-7053-420F-BDCC-168CD329EC4A}.AppStore|Any CPU.ActiveCfg = AppStore|iPhoneSimulator
		{E745E493-7053-420F-BDCC-168CD329EC4A}.AppStore|ARM.ActiveCfg = AppStore|iPhoneSimulator
		{E745E493-7053-420F-BDCC-168CD329EC4A}.AppStore|iPhone.ActiveCfg = AppStore|iPhone
		{E745E493-7053-420F-BDCC-168CD329EC4A}.AppStore|iPhone.Build.0 = AppStore|iPhone
		{E745E493-7053-420F-BDCC-168CD329EC4A}.AppStore|iPhoneSimulator.ActiveCfg = AppStore|iPhoneSimulator
		{E745E493-7053-420F-BDCC-168CD329EC4A}.AppStore|iPhoneSimulator.Build.0 = AppStore|iPhoneSimulator
		{E745E493-7053-420F-BDCC-168CD329EC4A}.AppStore|Mixed Platforms.ActiveCfg = AppStore|iPhoneSimulator
		{E745E493-7053-420F-BDCC-168CD329EC4A}.AppStore|Mixed Platforms.Build.0 = AppStore|iPhoneSimulator
		{E745E493-7053-420F-BDCC-168CD329EC4A}.AppStore|x86.ActiveCfg = AppStore|iPhoneSimulator
		{E745E493-7053-420F-BDCC-168CD329EC4A}.Debug|Any CPU.ActiveCfg = Debug|iPhoneSimulator
		{E745E493-7053-420F-BDCC-168CD329EC4A}.Debug|Any CPU.Build.0 = Debug|iPhoneSimulator
		{E745E493-7053-420F-BDCC-168CD329EC4A}.Debug|ARM.ActiveCfg = Debug|iPhone
		{E745E493-7053-420F-BDCC-168CD329EC4A}.Debug|iPhone.ActiveCfg = Debug|iPhone
		{E745E493-7053-420F-BDCC-168CD329EC4A}.Debug|iPhone.Build.0 = Debug|iPhone
		{E745E493-7053-420F-BDCC-168CD329EC4A}.Debug|iPhoneSimulator.ActiveCfg = Debug|iPhoneSimulator
		{E745E493-7053-420F-BDCC-168CD329EC4A}.Debug|iPhoneSimulator.Build.0 = Debug|iPhoneSimulator
		{E745E493-7053-420F-BDCC-168CD329EC4A}.Debug|Mixed Platforms.ActiveCfg = Debug|iPhone
		{E745E493-7053-420F-BDCC-168CD329EC4A}.Debug|Mixed Platforms.Build.0 = Debug|iPhone
		{E745E493-7053-420F-BDCC-168CD329EC4A}.Debug|x86.ActiveCfg = Debug|iPhone
		{E745E493-7053-420F-BDCC-168CD329EC4A}.Release|Any CPU.ActiveCfg = Release|iPhoneSimulator
		{E745E493-7053-420F-BDCC-168CD329EC4A}.Release|Any CPU.Build.0 = Release|iPhoneSimulator
		{E745E493-7053-420F-BDCC-168CD329EC4A}.Release|ARM.ActiveCfg = Release|iPhone
		{E745E493-7053-420F-BDCC-168CD329EC4A}.Release|iPhone.ActiveCfg = Release|iPhone
		{E745E493-7053-420F-BDCC-168CD329EC4A}.Release|iPhone.Build.0 = Release|iPhone
		{E745E493-7053-420F-BDCC-168CD329EC4A}.Release|iPhoneSimulator.ActiveCfg = Release|iPhoneSimulator
		{E745E493-7053-420F-BDCC-168CD329EC4A}.Release|iPhoneSimulator.Build.0 = Release|iPhoneSimulator
		{E745E493-7053-420F-BDCC-168CD329EC4A}.Release|Mixed Platforms.ActiveCfg = Release|iPhone
		{E745E493-7053-420F-BDCC-168CD329EC4A}.Release|Mixed Platforms.Build.0 = Release|iPhone
		{E745E493-7053-420F-BDCC-168CD329EC4A}.Release|x86.ActiveCfg = Release|iPhone
		{7AE3B3AB-F94A-4533-A8D1-44096A8C1942}.Ad-Hoc|Any CPU.ActiveCfg = Debug|Any CPU
		{7AE3B3AB-F94A-4533-A8D1-44096A8C1942}.Ad-Hoc|Any CPU.Build.0 = Debug|Any CPU
		{7AE3B3AB-F94A-4533-A8D1-44096A8C1942}.Ad-Hoc|Any CPU.Deploy.0 = Debug|Any CPU
		{7AE3B3AB-F94A-4533-A8D1-44096A8C1942}.Ad-Hoc|ARM.ActiveCfg = Debug|Any CPU
		{7AE3B3AB-F94A-4533-A8D1-44096A8C1942}.Ad-Hoc|iPhone.ActiveCfg = Release|Any CPU
		{7AE3B3AB-F94A-4533-A8D1-44096A8C1942}.Ad-Hoc|iPhone.Build.0 = Release|Any CPU
		{7AE3B3AB-F94A-4533-A8D1-44096A8C1942}.Ad-Hoc|iPhoneSimulator.ActiveCfg = Debug|Any CPU
		{7AE3B3AB-F94A-4533-A8D1-44096A8C1942}.Ad-Hoc|Mixed Platforms.ActiveCfg = Debug|Any CPU
		{7AE3B3AB-F94A-4533-A8D1-44096A8C1942}.Ad-Hoc|Mixed Platforms.Build.0 = Debug|Any CPU
		{7AE3B3AB-F94A-4533-A8D1-44096A8C1942}.Ad-Hoc|Mixed Platforms.Deploy.0 = Debug|Any CPU
		{7AE3B3AB-F94A-4533-A8D1-44096A8C1942}.Ad-Hoc|x86.ActiveCfg = Debug|Any CPU
		{7AE3B3AB-F94A-4533-A8D1-44096A8C1942}.AppStore|Any CPU.ActiveCfg = Debug|Any CPU
		{7AE3B3AB-F94A-4533-A8D1-44096A8C1942}.AppStore|Any CPU.Build.0 = Debug|Any CPU
		{7AE3B3AB-F94A-4533-A8D1-44096A8C1942}.AppStore|Any CPU.Deploy.0 = Debug|Any CPU
		{7AE3B3AB-F94A-4533-A8D1-44096A8C1942}.AppStore|ARM.ActiveCfg = Debug|Any CPU
		{7AE3B3AB-F94A-4533-A8D1-44096A8C1942}.AppStore|iPhone.ActiveCfg = Release|Any CPU
		{7AE3B3AB-F94A-4533-A8D1-44096A8C1942}.AppStore|iPhone.Build.0 = Release|Any CPU
		{7AE3B3AB-F94A-4533-A8D1-44096A8C1942}.AppStore|iPhoneSimulator.ActiveCfg = Debug|Any CPU
		{7AE3B3AB-F94A-4533-A8D1-44096A8C1942}.AppStore|Mixed Platforms.ActiveCfg = Debug|Any CPU
		{7AE3B3AB-F94A-4533-A8D1-44096A8C1942}.AppStore|Mixed Platforms.Build.0 = Debug|Any CPU
		{7AE3B3AB-F94A-4533-A8D1-44096A8C1942}.AppStore|Mixed Platforms.Deploy.0 = Debug|Any CPU
		{7AE3B3AB-F94A-4533-A8D1-44096A8C1942}.AppStore|x86.ActiveCfg = Debug|Any CPU
		{7AE3B3AB-F94A-4533-A8D1-44096A8C1942}.Debug|Any CPU.ActiveCfg = Debug|Any CPU
		{7AE3B3AB-F94A-4533-A8D1-44096A8C1942}.Debug|Any CPU.Build.0 = Debug|Any CPU
		{7AE3B3AB-F94A-4533-A8D1-44096A8C1942}.Debug|ARM.ActiveCfg = Debug|Any CPU
		{7AE3B3AB-F94A-4533-A8D1-44096A8C1942}.Debug|iPhone.ActiveCfg = Debug|Any CPU
		{7AE3B3AB-F94A-4533-A8D1-44096A8C1942}.Debug|iPhone.Build.0 = Debug|Any CPU
		{7AE3B3AB-F94A-4533-A8D1-44096A8C1942}.Debug|iPhoneSimulator.ActiveCfg = Debug|Any CPU
		{7AE3B3AB-F94A-4533-A8D1-44096A8C1942}.Debug|iPhoneSimulator.Build.0 = Debug|Any CPU
		{7AE3B3AB-F94A-4533-A8D1-44096A8C1942}.Debug|Mixed Platforms.ActiveCfg = Debug|Any CPU
		{7AE3B3AB-F94A-4533-A8D1-44096A8C1942}.Debug|Mixed Platforms.Build.0 = Debug|Any CPU
		{7AE3B3AB-F94A-4533-A8D1-44096A8C1942}.Debug|Mixed Platforms.Deploy.0 = Debug|Any CPU
		{7AE3B3AB-F94A-4533-A8D1-44096A8C1942}.Debug|x86.ActiveCfg = Debug|Any CPU
		{7AE3B3AB-F94A-4533-A8D1-44096A8C1942}.Release|Any CPU.ActiveCfg = Release|Any CPU
		{7AE3B3AB-F94A-4533-A8D1-44096A8C1942}.Release|Any CPU.Build.0 = Release|Any CPU
		{7AE3B3AB-F94A-4533-A8D1-44096A8C1942}.Release|ARM.ActiveCfg = Release|Any CPU
		{7AE3B3AB-F94A-4533-A8D1-44096A8C1942}.Release|iPhone.ActiveCfg = Release|Any CPU
		{7AE3B3AB-F94A-4533-A8D1-44096A8C1942}.Release|iPhone.Build.0 = Release|Any CPU
		{7AE3B3AB-F94A-4533-A8D1-44096A8C1942}.Release|iPhoneSimulator.ActiveCfg = Release|Any CPU
		{7AE3B3AB-F94A-4533-A8D1-44096A8C1942}.Release|iPhoneSimulator.Build.0 = Release|Any CPU
		{7AE3B3AB-F94A-4533-A8D1-44096A8C1942}.Release|Mixed Platforms.ActiveCfg = Release|Any CPU
		{7AE3B3AB-F94A-4533-A8D1-44096A8C1942}.Release|Mixed Platforms.Build.0 = Release|Any CPU
		{7AE3B3AB-F94A-4533-A8D1-44096A8C1942}.Release|Mixed Platforms.Deploy.0 = Release|Any CPU
		{7AE3B3AB-F94A-4533-A8D1-44096A8C1942}.Release|x86.ActiveCfg = Release|Any CPU
		{A211C7BE-87AA-423D-B94B-C9FA9CC046B1}.Ad-Hoc|Any CPU.ActiveCfg = Release|Any CPU
		{A211C7BE-87AA-423D-B94B-C9FA9CC046B1}.Ad-Hoc|Any CPU.Build.0 = Release|Any CPU
		{A211C7BE-87AA-423D-B94B-C9FA9CC046B1}.Ad-Hoc|Any CPU.Deploy.0 = Release|Any CPU
		{A211C7BE-87AA-423D-B94B-C9FA9CC046B1}.Ad-Hoc|ARM.ActiveCfg = Release|ARM
		{A211C7BE-87AA-423D-B94B-C9FA9CC046B1}.Ad-Hoc|ARM.Build.0 = Release|ARM
		{A211C7BE-87AA-423D-B94B-C9FA9CC046B1}.Ad-Hoc|ARM.Deploy.0 = Release|ARM
		{A211C7BE-87AA-423D-B94B-C9FA9CC046B1}.Ad-Hoc|iPhone.ActiveCfg = Release|Any CPU
		{A211C7BE-87AA-423D-B94B-C9FA9CC046B1}.Ad-Hoc|iPhoneSimulator.ActiveCfg = Release|Any CPU
		{A211C7BE-87AA-423D-B94B-C9FA9CC046B1}.Ad-Hoc|Mixed Platforms.ActiveCfg = Release|x86
		{A211C7BE-87AA-423D-B94B-C9FA9CC046B1}.Ad-Hoc|Mixed Platforms.Build.0 = Release|x86
		{A211C7BE-87AA-423D-B94B-C9FA9CC046B1}.Ad-Hoc|Mixed Platforms.Deploy.0 = Release|x86
		{A211C7BE-87AA-423D-B94B-C9FA9CC046B1}.Ad-Hoc|x86.ActiveCfg = Release|x86
		{A211C7BE-87AA-423D-B94B-C9FA9CC046B1}.Ad-Hoc|x86.Build.0 = Release|x86
		{A211C7BE-87AA-423D-B94B-C9FA9CC046B1}.Ad-Hoc|x86.Deploy.0 = Release|x86
		{A211C7BE-87AA-423D-B94B-C9FA9CC046B1}.AppStore|Any CPU.ActiveCfg = Release|Any CPU
		{A211C7BE-87AA-423D-B94B-C9FA9CC046B1}.AppStore|Any CPU.Build.0 = Release|Any CPU
		{A211C7BE-87AA-423D-B94B-C9FA9CC046B1}.AppStore|Any CPU.Deploy.0 = Release|Any CPU
		{A211C7BE-87AA-423D-B94B-C9FA9CC046B1}.AppStore|ARM.ActiveCfg = Release|ARM
		{A211C7BE-87AA-423D-B94B-C9FA9CC046B1}.AppStore|ARM.Build.0 = Release|ARM
		{A211C7BE-87AA-423D-B94B-C9FA9CC046B1}.AppStore|ARM.Deploy.0 = Release|ARM
		{A211C7BE-87AA-423D-B94B-C9FA9CC046B1}.AppStore|iPhone.ActiveCfg = Release|Any CPU
		{A211C7BE-87AA-423D-B94B-C9FA9CC046B1}.AppStore|iPhoneSimulator.ActiveCfg = Release|Any CPU
		{A211C7BE-87AA-423D-B94B-C9FA9CC046B1}.AppStore|Mixed Platforms.ActiveCfg = Release|x86
		{A211C7BE-87AA-423D-B94B-C9FA9CC046B1}.AppStore|Mixed Platforms.Build.0 = Release|x86
		{A211C7BE-87AA-423D-B94B-C9FA9CC046B1}.AppStore|Mixed Platforms.Deploy.0 = Release|x86
		{A211C7BE-87AA-423D-B94B-C9FA9CC046B1}.AppStore|x86.ActiveCfg = Release|x86
		{A211C7BE-87AA-423D-B94B-C9FA9CC046B1}.AppStore|x86.Build.0 = Release|x86
		{A211C7BE-87AA-423D-B94B-C9FA9CC046B1}.AppStore|x86.Deploy.0 = Release|x86
		{A211C7BE-87AA-423D-B94B-C9FA9CC046B1}.Debug|Any CPU.ActiveCfg = Debug|Any CPU
		{A211C7BE-87AA-423D-B94B-C9FA9CC046B1}.Debug|Any CPU.Build.0 = Debug|Any CPU
		{A211C7BE-87AA-423D-B94B-C9FA9CC046B1}.Debug|Any CPU.Deploy.0 = Debug|Any CPU
		{A211C7BE-87AA-423D-B94B-C9FA9CC046B1}.Debug|ARM.ActiveCfg = Debug|ARM
		{A211C7BE-87AA-423D-B94B-C9FA9CC046B1}.Debug|ARM.Build.0 = Debug|ARM
		{A211C7BE-87AA-423D-B94B-C9FA9CC046B1}.Debug|ARM.Deploy.0 = Debug|ARM
		{A211C7BE-87AA-423D-B94B-C9FA9CC046B1}.Debug|iPhone.ActiveCfg = Debug|Any CPU
		{A211C7BE-87AA-423D-B94B-C9FA9CC046B1}.Debug|iPhoneSimulator.ActiveCfg = Debug|Any CPU
		{A211C7BE-87AA-423D-B94B-C9FA9CC046B1}.Debug|Mixed Platforms.ActiveCfg = Debug|x86
		{A211C7BE-87AA-423D-B94B-C9FA9CC046B1}.Debug|Mixed Platforms.Build.0 = Debug|x86
		{A211C7BE-87AA-423D-B94B-C9FA9CC046B1}.Debug|Mixed Platforms.Deploy.0 = Debug|x86
		{A211C7BE-87AA-423D-B94B-C9FA9CC046B1}.Debug|x86.ActiveCfg = Debug|x86
		{A211C7BE-87AA-423D-B94B-C9FA9CC046B1}.Debug|x86.Build.0 = Debug|x86
		{A211C7BE-87AA-423D-B94B-C9FA9CC046B1}.Debug|x86.Deploy.0 = Debug|x86
		{A211C7BE-87AA-423D-B94B-C9FA9CC046B1}.Release|Any CPU.ActiveCfg = Release|Any CPU
		{A211C7BE-87AA-423D-B94B-C9FA9CC046B1}.Release|Any CPU.Build.0 = Release|Any CPU
		{A211C7BE-87AA-423D-B94B-C9FA9CC046B1}.Release|Any CPU.Deploy.0 = Release|Any CPU
		{A211C7BE-87AA-423D-B94B-C9FA9CC046B1}.Release|ARM.ActiveCfg = Release|ARM
		{A211C7BE-87AA-423D-B94B-C9FA9CC046B1}.Release|ARM.Build.0 = Release|ARM
		{A211C7BE-87AA-423D-B94B-C9FA9CC046B1}.Release|ARM.Deploy.0 = Release|ARM
		{A211C7BE-87AA-423D-B94B-C9FA9CC046B1}.Release|iPhone.ActiveCfg = Release|Any CPU
		{A211C7BE-87AA-423D-B94B-C9FA9CC046B1}.Release|iPhoneSimulator.ActiveCfg = Release|Any CPU
		{A211C7BE-87AA-423D-B94B-C9FA9CC046B1}.Release|Mixed Platforms.ActiveCfg = Release|x86
		{A211C7BE-87AA-423D-B94B-C9FA9CC046B1}.Release|Mixed Platforms.Build.0 = Release|x86
		{A211C7BE-87AA-423D-B94B-C9FA9CC046B1}.Release|Mixed Platforms.Deploy.0 = Release|x86
		{A211C7BE-87AA-423D-B94B-C9FA9CC046B1}.Release|x86.ActiveCfg = Release|x86
		{A211C7BE-87AA-423D-B94B-C9FA9CC046B1}.Release|x86.Build.0 = Release|x86
		{A211C7BE-87AA-423D-B94B-C9FA9CC046B1}.Release|x86.Deploy.0 = Release|x86
	EndGlobalSection
	GlobalSection(SolutionProperties) = preSolution
		HideSolutionNode = FALSE
	EndGlobalSection
EndGlobal
